
Microsoft Visual Studio Solution File, Format Version 12.00
# Visual Studio 15
VisualStudioVersion = 15.0.28307.329
MinimumVisualStudioVersion = 10.0.40219.1
Project("{FAE04EC0-301F-11D3-BF4B-00C04F79EFBC}") = "Shahid_Bhai", "Shahid_Bhai\Shahid_Bhai.csproj", "{6ACEE376-44F3-4CA0-A070-29F2A4AAB000}"
EndProject
Global
	GlobalSection(SolutionConfigurationPlatforms) = preSolution
		Debug|Any CPU = Debug|Any CPU
		Release|Any CPU = Release|Any CPU
	EndGlobalSection
	GlobalSection(ProjectConfigurationPlatforms) = postSolution
		{6ACEE376-44F3-4CA0-A070-29F2A4AAB000}.Debug|Any CPU.ActiveCfg = Debug|Any CPU
		{6ACEE376-44F3-4CA0-A070-29F2A4AAB000}.Debug|Any CPU.Build.0 = Debug|Any CPU
		{6ACEE376-44F3-4CA0-A070-29F2A4AAB000}.Release|Any CPU.ActiveCfg = Release|Any CPU
		{6ACEE376-44F3-4CA0-A070-29F2A4AAB000}.Release|Any CPU.Build.0 = Release|Any CPU
	EndGlobalSection
	GlobalSection(SolutionProperties) = preSolution
		HideSolutionNode = FALSE
	EndGlobalSection
	GlobalSection(ExtensibilityGlobals) = postSolution
		SolutionGuid = {DDB89E49-A27F-45DD-B471-CA90C619B53F}
	EndGlobalSection
EndGlobal
